
Microsoft Visual Studio Solution File, Format Version 12.00
# Visual Studio Version 17
VisualStudioVersion = 17.8.34525.116
MinimumVisualStudioVersion = 10.0.40219.1
Project("{FAE04EC0-301F-11D3-BF4B-00C04F79EFBC}") = "Blokich.WebApi", "Blokich.WebApi\Blokich.WebApi.csproj", "{2C91D4C6-57B2-439E-9EB0-1C55816FF883}"
EndProject
Project("{FAE04EC0-301F-11D3-BF4B-00C04F79EFBC}") = "Blokich.Repository.Common", "Blokich.Repository.Common\Blokich.Repository.Common.csproj", "{8F3CCE65-ACDB-407D-BCAB-2F46E5F5CDE1}"
EndProject
Project("{FAE04EC0-301F-11D3-BF4B-00C04F79EFBC}") = "Blokich.Repository", "Blokich.Repository\Blokich.Repository.csproj", "{BE6F3475-0CE2-43C4-ADFF-B1D5CFED369D}"
EndProject
Project("{FAE04EC0-301F-11D3-BF4B-00C04F79EFBC}") = "Blokich.Model.Common", "Blokich.Model.Common\Blokich.Model.Common.csproj", "{8DB3A861-55E3-4D0A-A28E-7F66B93670C5}"
EndProject
Project("{FAE04EC0-301F-11D3-BF4B-00C04F79EFBC}") = "Blokich.Model", "Blokich.Model\Blokich.Model.csproj", "{8B571C81-7028-4E93-99CF-848A24ACBDB1}"
EndProject
Global
	GlobalSection(SolutionConfigurationPlatforms) = preSolution
		Debug|Any CPU = Debug|Any CPU
		Release|Any CPU = Release|Any CPU
	EndGlobalSection
	GlobalSection(ProjectConfigurationPlatforms) = postSolution
		{2C91D4C6-57B2-439E-9EB0-1C55816FF883}.Debug|Any CPU.ActiveCfg = Debug|Any CPU
		{2C91D4C6-57B2-439E-9EB0-1C55816FF883}.Debug|Any CPU.Build.0 = Debug|Any CPU
		{2C91D4C6-57B2-439E-9EB0-1C55816FF883}.Release|Any CPU.ActiveCfg = Release|Any CPU
		{2C91D4C6-57B2-439E-9EB0-1C55816FF883}.Release|Any CPU.Build.0 = Release|Any CPU
		{8F3CCE65-ACDB-407D-BCAB-2F46E5F5CDE1}.Debug|Any CPU.ActiveCfg = Debug|Any CPU
		{8F3CCE65-ACDB-407D-BCAB-2F46E5F5CDE1}.Debug|Any CPU.Build.0 = Debug|Any CPU
		{8F3CCE65-ACDB-407D-BCAB-2F46E5F5CDE1}.Release|Any CPU.ActiveCfg = Release|Any CPU
		{8F3CCE65-ACDB-407D-BCAB-2F46E5F5CDE1}.Release|Any CPU.Build.0 = Release|Any CPU
		{BE6F3475-0CE2-43C4-ADFF-B1D5CFED369D}.Debug|Any CPU.ActiveCfg = Debug|Any CPU
		{BE6F3475-0CE2-43C4-ADFF-B1D5CFED369D}.Debug|Any CPU.Build.0 = Debug|Any CPU
		{BE6F3475-0CE2-43C4-ADFF-B1D5CFED369D}.Release|Any CPU.ActiveCfg = Release|Any CPU
		{BE6F3475-0CE2-43C4-ADFF-B1D5CFED369D}.Release|Any CPU.Build.0 = Release|Any CPU
		{8DB3A861-55E3-4D0A-A28E-7F66B93670C5}.Debug|Any CPU.ActiveCfg = Debug|Any CPU
		{8DB3A861-55E3-4D0A-A28E-7F66B93670C5}.Debug|Any CPU.Build.0 = Debug|Any CPU
		{8DB3A861-55E3-4D0A-A28E-7F66B93670C5}.Release|Any CPU.ActiveCfg = Release|Any CPU
		{8DB3A861-55E3-4D0A-A28E-7F66B93670C5}.Release|Any CPU.Build.0 = Release|Any CPU
		{8B571C81-7028-4E93-99CF-848A24ACBDB1}.Debug|Any CPU.ActiveCfg = Debug|Any CPU
		{8B571C81-7028-4E93-99CF-848A24ACBDB1}.Debug|Any CPU.Build.0 = Debug|Any CPU
		{8B571C81-7028-4E93-99CF-848A24ACBDB1}.Release|Any CPU.ActiveCfg = Release|Any CPU
		{8B571C81-7028-4E93-99CF-848A24ACBDB1}.Release|Any CPU.Build.0 = Release|Any CPU
	EndGlobalSection
	GlobalSection(SolutionProperties) = preSolution
		HideSolutionNode = FALSE
	EndGlobalSection
	GlobalSection(ExtensibilityGlobals) = postSolution
		SolutionGuid = {8D0E62AD-B800-4657-9064-1CD064E72462}
	EndGlobalSection
EndGlobal
